# This file is automatically @generated by Cargo.
# It is not intended for manual editing.
[[package]]
name = "advent_of_code_2016"
version = "0.1.0"
dependencies = [
 "anyhow 1.0.19 (registry+https://github.com/rust-lang/crates.io-index)",
 "aoc_proc_macro 0.1.0",
]

[[package]]
name = "anyhow"
version = "1.0.19"
source = "registry+https://github.com/rust-lang/crates.io-index"

[[package]]
name = "aoc_proc_macro"
version = "0.1.0"

[metadata]
"checksum anyhow 1.0.19 (registry+https://github.com/rust-lang/crates.io-index)" = "57114fc2a6cc374bce195d3482057c846e706d252ff3604363449695684d7a0d"
